<?xml version="1.0" encoding="UTF-8"?>
<!DOCTYPE plist PUBLIC "-//Apple//DTD PLIST 1.0//EN" "http://www.apple.com/DTDs/PropertyList-1.0.dtd">
<plist version="1.0">
<dict>
	<key>archiveVersion</key>
	<string>1</string>
	<key>classes</key>
	<dict/>
	<key>objectVersion</key>
	<string>46</string>
	<key>objects</key>
	<dict>
		<key>047092C9D22320375A6284A6</key>
		<dict>
			<key>isa</key>
			<string>PBXFileReference</string>
			<key>lastKnownFileType</key>
			<string>sourcecode.swift</string>
			<key>name</key>
			<string>NumberEntryViewController.swift</string>
			<key>path</key>
			<string>SinchCalloutVerification-Swift/NumberEntryViewController.swift</string>
			<key>sourceTree</key>
			<string>&lt;group&gt;</string>
		</dict>
		<key>070F9DBD5DFC63C9296A42CD</key>
		<dict>
			<key>buildConfigurations</key>
			<array>
				<string>FCD26DEE39A81A2C3C979D54</string>
				<string>30AC85AC1F3C6C462AB6EE7D</string>
			</array>
			<key>defaultConfigurationIsVisible</key>
			<string>1</string>
			<key>defaultConfigurationName</key>
			<string>Release</string>
			<key>isa</key>
			<string>XCConfigurationList</string>
		</dict>
		<key>2ACF1EC612650C8AB58DB1AB</key>
		<dict>
			<key>children</key>
			<array>
				<string>2DC1C6707CAED4B647D38AA2</string>
				<string>047092C9D22320375A6284A6</string>
				<string>BBE06E09693A7FE9685735DB</string>
			</array>
			<key>isa</key>
			<string>PBXGroup</string>
			<key>name</key>
			<string>SinchCalloutVerification-Swift</string>
			<key>sourceTree</key>
			<string>&lt;group&gt;</string>
		</dict>
		<key>2DC1C6707CAED4B647D38AA2</key>
		<dict>
			<key>isa</key>
			<string>PBXFileReference</string>
			<key>lastKnownFileType</key>
			<string>sourcecode.swift</string>
			<key>name</key>
			<string>CountrySelectionViewController.swift</string>
			<key>path</key>
			<string>SinchCalloutVerification-Swift/CountrySelectionViewController.swift</string>
			<key>sourceTree</key>
			<string>&lt;group&gt;</string>
		</dict>
		<key>30AC85AC1F3C6C462AB6EE7D</key>
		<dict>
			<key>buildSettings</key>
			<dict>
				<key>INTERMEDIATE_DIR</key>
				<string>$(PROJECT_DERIVED_FILE_DIR)/$(CONFIGURATION)</string>
				<key>SHARED_INTERMEDIATE_DIR</key>
				<string>$(SYMROOT)/DerivedSources/$(CONFIGURATION)</string>
			</dict>
			<key>isa</key>
			<string>XCBuildConfiguration</string>
			<key>name</key>
			<string>Release</string>
		</dict>
		<key>31358D89A4B2C0E6B117A279</key>
		<dict>
			<key>fileRef</key>
			<string>E27178F432F2DF123FFB15F6</string>
			<key>isa</key>
			<string>PBXBuildFile</string>
			<key>settings</key>
			<dict>
				<key>ATTRIBUTES</key>
				<array>
					<string>CodeSignOnCopy</string>
				</array>
			</dict>
		</dict>
		<key>36F29567B547AEFE9B8E26EE</key>
		<dict>
			<key>buildConfigurationList</key>
			<string>64B35F9A0019AAE8BE65F0A8</string>
			<key>buildPhases</key>
			<array>
				<string>FCAF5BAEB92C49839B1BDBCF</string>
				<string>9E20F6ACE98432071BA34680</string>
				<string>79E269491EC816ADA6ADEE5B</string>
				<string>FCF3FF9838BE87471C46E7A8</string>
				<string>39D443CF94D013CEC147813F</string>
			</array>
			<key>buildRules</key>
			<array/>
			<key>dependencies</key>
			<array/>
			<key>isa</key>
			<string>PBXNativeTarget</string>
			<key>name</key>
			<string>SinchCalloutVerification-Swift</string>
			<key>productName</key>
			<string>SinchCalloutVerification-Swift</string>
			<key>productReference</key>
			<string>8533AA29FCA7BEBE18BAF6C4</string>
			<key>productType</key>
			<string>com.apple.product-type.application</string>
		</dict>
		<key>39D443CF94D013CEC147813F</key>
		<dict>
			<key>buildActionMask</key>
			<string>2147483647</string>
			<key>files</key>
			<array/>
			<key>inputPaths</key>
			<array>
				<string>$(BUILT_PRODUCTS_DIR)/$(EXECUTABLE_PATH)</string>
			</array>
			<key>isa</key>
			<string>PBXShellScriptBuildPhase</string>
			<key>name</key>
			<string>Postbuild "strip-frameworks"</string>
			<key>outputPaths</key>
			<array/>
			<key>runOnlyForDeploymentPostprocessing</key>
			<string>0</string>
			<key>shellPath</key>
			<string>/bin/sh</string>
			<key>shellScript</key>
			<string>exec bash "${BUILT_PRODUCTS_DIR}/${FRAMEWORKS_FOLDER_PATH}/SinchVerification.framework/strip-frameworks.sh"
exit 1
</string>
			<key>showEnvVarsInLog</key>
			<string>0</string>
		</dict>
		<key>47062419A8B9BB51EC4A9138</key>
		<dict>
			<key>fileRef</key>
			<string>2DC1C6707CAED4B647D38AA2</string>
			<key>isa</key>
			<string>PBXBuildFile</string>
		</dict>
		<key>545A598996C10A58104F21EC</key>
		<dict>
			<key>fileRef</key>
			<string>B8EC77BC378CA0EEDE76D90E</string>
			<key>isa</key>
			<string>PBXBuildFile</string>
		</dict>
		<key>64B35F9A0019AAE8BE65F0A8</key>
		<dict>
			<key>buildConfigurations</key>
			<array>
				<string>AD408E9E43D93263D27424F6</string>
				<string>77D099E8EE9772CCE22FD6A2</string>
			</array>
			<key>defaultConfigurationIsVisible</key>
			<string>1</string>
			<key>defaultConfigurationName</key>
			<string>Release</string>
			<key>isa</key>
			<string>XCConfigurationList</string>
		</dict>
		<key>660F3C091246EC16594CF918</key>
		<dict>
			<key>isa</key>
			<string>PBXFileReference</string>
			<key>lastKnownFileType</key>
			<string>folder.assetcatalog</string>
			<key>name</key>
			<string>Images.xcassets</string>
			<key>path</key>
			<string>SinchCalloutVerification-Swift/Images.xcassets</string>
			<key>sourceTree</key>
			<string>&lt;group&gt;</string>
		</dict>
		<key>699BB7EB72241D5336D3187F</key>
		<dict>
			<key>children</key>
			<array>
				<string>B8EC77BC378CA0EEDE76D90E</string>
			</array>
			<key>isa</key>
			<string>PBXGroup</string>
			<key>name</key>
			<string>Frameworks</string>
			<key>sourceTree</key>
			<string>&lt;group&gt;</string>
		</dict>
		<key>71F0EF667D74D35289DAFDC4</key>
		<dict>
			<key>fileRef</key>
			<string>860558E17CD8C4C46C1CD865</string>
			<key>isa</key>
			<string>PBXBuildFile</string>
		</dict>
		<key>77D099E8EE9772CCE22FD6A2</key>
		<dict>
			<key>buildSettings</key>
			<dict>
				<key>ALWAYS_SEARCH_USER_PATHS</key>
				<string>NO</string>
				<key>ASSETCATALOG_COMPILER_APPICON_NAME</key>
				<string>AppIcon</string>
				<key>CLANG_ENABLE_MODULES</key>
				<string>YES</string>
				<key>CLANG_ENABLE_OBJC_ARC</key>
				<string>YES</string>
				<key>CODE_SIGN_IDENTITY</key>
				<string>iPhone Developer</string>
				<key>CODE_SIGN_IDENTITY[sdk=iphoneos*]</key>
				<string>iPhone Developer</string>
				<key>DEBUG_INFORMATION_FORMAT</key>
				<string>dwarf-with-dsym</string>
				<key>ENABLE_BITCODE</key>
				<string>YES</string>
				<key>ENABLE_NS_ASSERTIONS</key>
				<string>NO</string>
				<key>FRAMEWORK_SEARCH_PATHS</key>
				<string>..</string>
				<key>GCC_GENERATE_DEBUGGING_SYMBOLS</key>
				<string>NO</string>
				<key>GCC_PREPROCESSOR_DEFINITIONS</key>
				<array>
					<string>NDEBUG</string>
					<string>NS_BLOCK_ASSERTIONS=1</string>
				</array>
				<key>GCC_THREADSAFE_STATICS</key>
				<string>NO</string>
				<key>INFOPLIST_FILE</key>
				<string>$(PROJECT_DIR)/$(PRODUCT_NAME)/Info.plist</string>
				<key>IPHONEOS_DEPLOYMENT_TARGET</key>
				<string>8.0</string>
				<key>LD_RUNPATH_SEARCH_PATHS</key>
				<string>@executable_path/Frameworks</string>
				<key>LIBRARY_SEARCH_PATHS</key>
				<string>.</string>
				<key>LLVM_LTO</key>
				<string>YES</string>
				<key>OTHER_CFLAGS</key>
				<string></string>
				<key>OTHER_CPLUSPLUSFLAGS</key>
				<string></string>
				<key>OTHER_LDFLAGS</key>
				<string>-l"c++" -l"icucore" -l"z"</string>
				<key>PRODUCT_BUNDLE_IDENTIFIER</key>
				<string>com.sinch.SinchCalloutVerification-Swift</string>
				<key>PRODUCT_NAME</key>
				<string>SinchCalloutVerification-Swift</string>
				<key>PROVISIONING_PROFILE</key>
				<string></string>
				<key>PROVISIONING_PROFILE_SPECIFIER</key>
				<string></string>
				<key>SDKROOT</key>
				<string>iphoneos</string>
				<key>SINCH_VERIFICATION_FRAMEWORK_RELATIVE_PATH</key>
				<string>..</string>
				<key>SKIP_INSTALL</key>
				<string>NO</string>
				<key>SWIFT_VERSION</key>
				<string>3.1</string>
				<key>SYMROOT</key>
				<string>build</string>
				<key>WRAPPER_PREFIX</key>
				<string></string>
			</dict>
			<key>isa</key>
			<string>XCBuildConfiguration</string>
			<key>name</key>
			<string>Release</string>
		</dict>
		<key>7943DE5AB05D7BA9D620026D</key>
		<dict>
			<key>isa</key>
			<string>PBXFileReference</string>
			<key>lastKnownFileType</key>
			<string>text.plist.xml</string>
			<key>name</key>
			<string>Info.plist</string>
			<key>path</key>
			<string>SinchCalloutVerification-Swift/Info.plist</string>
			<key>sourceTree</key>
			<string>&lt;group&gt;</string>
		</dict>
		<key>79E269491EC816ADA6ADEE5B</key>
		<dict>
			<key>buildActionMask</key>
			<string>2147483647</string>
			<key>files</key>
			<array>
				<string>C63393BDE724785DC5129A30</string>
				<string>47062419A8B9BB51EC4A9138</string>
				<string>A48F0171F79ED87FFC9D9DA3</string>
				<string>A7196398C7151491E76BD416</string>
			</array>
			<key>isa</key>
			<string>PBXSourcesBuildPhase</string>
			<key>runOnlyForDeploymentPostprocessing</key>
			<string>0</string>
		</dict>
		<key>7E744D920A2B40C758F642B1</key>
		<dict>
			<key>isa</key>
			<string>PBXFileReference</string>
			<key>lastKnownFileType</key>
			<string>file.storyboard</string>
			<key>name</key>
			<string>Main.storyboard</string>
			<key>path</key>
			<string>SinchCalloutVerification-Swift/Main.storyboard</string>
			<key>sourceTree</key>
			<string>&lt;group&gt;</string>
		</dict>
		<key>8533AA29FCA7BEBE18BAF6C4</key>
		<dict>
			<key>explicitFileType</key>
			<string>wrapper.application</string>
			<key>includeInIndex</key>
			<string>0</string>
			<key>isa</key>
			<string>PBXFileReference</string>
			<key>path</key>
			<string>SinchCalloutVerification-Swift.app</string>
			<key>sourceTree</key>
			<string>BUILT_PRODUCTS_DIR</string>
		</dict>
		<key>860558E17CD8C4C46C1CD865</key>
		<dict>
			<key>isa</key>
			<string>PBXFileReference</string>
			<key>lastKnownFileType</key>
			<string>file.storyboard</string>
			<key>name</key>
			<string>LaunchScreen.storyboard</string>
			<key>path</key>
			<string>SinchCalloutVerification-Swift/LaunchScreen.storyboard</string>
			<key>sourceTree</key>
			<string>&lt;group&gt;</string>
		</dict>
		<key>8BD0902847436C78BC2F0503</key>
		<dict>
			<key>fileRef</key>
			<string>7E744D920A2B40C758F642B1</string>
			<key>isa</key>
			<string>PBXBuildFile</string>
		</dict>
		<key>99D3BCA6C4D4C4221F5CCC1D</key>
		<dict>
			<key>isa</key>
			<string>PBXFileReference</string>
			<key>lastKnownFileType</key>
			<string>folder.assetcatalog</string>
			<key>name</key>
			<string>Sinch.xcassets</string>
			<key>path</key>
			<string>SinchCalloutVerification-Swift/Sinch.xcassets</string>
			<key>sourceTree</key>
			<string>&lt;group&gt;</string>
		</dict>
		<key>9E20F6ACE98432071BA34680</key>
		<dict>
			<key>buildActionMask</key>
			<string>2147483647</string>
			<key>files</key>
			<array>
				<string>C99BE0D9EE6E16FAEDC84E65</string>
				<string>71F0EF667D74D35289DAFDC4</string>
				<string>8BD0902847436C78BC2F0503</string>
				<string>C75275A37000B5F46E38D07C</string>
			</array>
			<key>isa</key>
			<string>PBXResourcesBuildPhase</string>
			<key>runOnlyForDeploymentPostprocessing</key>
			<string>0</string>
		</dict>
		<key>A48F0171F79ED87FFC9D9DA3</key>
		<dict>
			<key>fileRef</key>
			<string>DFCFC18D20B6EA65A642CE6E</string>
			<key>isa</key>
			<string>PBXBuildFile</string>
		</dict>
		<key>A7196398C7151491E76BD416</key>
		<dict>
			<key>fileRef</key>
			<string>047092C9D22320375A6284A6</string>
			<key>isa</key>
			<string>PBXBuildFile</string>
		</dict>
		<key>AD408E9E43D93263D27424F6</key>
		<dict>
			<key>buildSettings</key>
			<dict>
				<key>ALWAYS_SEARCH_USER_PATHS</key>
				<string>NO</string>
				<key>ASSETCATALOG_COMPILER_APPICON_NAME</key>
				<string>AppIcon</string>
				<key>CLANG_ENABLE_MODULES</key>
				<string>YES</string>
				<key>CLANG_ENABLE_OBJC_ARC</key>
				<string>YES</string>
				<key>CODE_SIGN_IDENTITY</key>
				<string>iPhone Developer</string>
				<key>CODE_SIGN_IDENTITY[sdk=iphoneos*]</key>
				<string>iPhone Developer</string>
				<key>COPY_PHASE_STRIP</key>
				<string>NO</string>
				<key>DEBUG_INFORMATION_FORMAT</key>
				<string>dwarf</string>
				<key>ENABLE_BITCODE</key>
				<string>YES</string>
				<key>ENABLE_TESTABILITY</key>
				<string>YES</string>
				<key>FRAMEWORK_SEARCH_PATHS</key>
				<string>..</string>
				<key>GCC_OPTIMIZATION_LEVEL</key>
				<string>0</string>
				<key>GCC_PREPROCESSOR_DEFINITIONS</key>
				<array>
					<string>_DEBUG</string>
					<string>DEBUG=1</string>
				</array>
				<key>GCC_THREADSAFE_STATICS</key>
				<string>NO</string>
				<key>INFOPLIST_FILE</key>
				<string>$(PROJECT_DIR)/$(PRODUCT_NAME)/Info.plist</string>
				<key>IPHONEOS_DEPLOYMENT_TARGET</key>
				<string>8.0</string>
				<key>LD_RUNPATH_SEARCH_PATHS</key>
				<string>@executable_path/Frameworks</string>
				<key>LIBRARY_SEARCH_PATHS</key>
				<string>.</string>
				<key>LLVM_LTO</key>
				<string>YES</string>
				<key>ONLY_ACTIVE_ARCH</key>
				<string>YES</string>
				<key>OTHER_CFLAGS</key>
				<string></string>
				<key>OTHER_CPLUSPLUSFLAGS</key>
				<string></string>
				<key>OTHER_LDFLAGS</key>
				<string>-l"c++" -l"icucore" -l"z"</string>
				<key>PRODUCT_BUNDLE_IDENTIFIER</key>
				<string>com.sinch.SinchCalloutVerification-Swift</string>
				<key>PRODUCT_NAME</key>
				<string>SinchCalloutVerification-Swift</string>
				<key>PROVISIONING_PROFILE</key>
				<string></string>
				<key>PROVISIONING_PROFILE_SPECIFIER</key>
				<string></string>
				<key>SDKROOT</key>
				<string>iphoneos</string>
				<key>SINCH_VERIFICATION_FRAMEWORK_RELATIVE_PATH</key>
				<string>..</string>
				<key>SKIP_INSTALL</key>
				<string>NO</string>
				<key>SWIFT_VERSION</key>
				<string>3.1</string>
				<key>SYMROOT</key>
				<string>build</string>
				<key>WRAPPER_PREFIX</key>
				<string></string>
			</dict>
			<key>isa</key>
			<string>XCBuildConfiguration</string>
			<key>name</key>
			<string>Debug</string>
		</dict>
		<key>B79916FA50854C7788571112</key>
		<dict>
			<key>children</key>
			<array>
				<string>8533AA29FCA7BEBE18BAF6C4</string>
			</array>
			<key>isa</key>
			<string>PBXGroup</string>
			<key>name</key>
			<string>Products</string>
			<key>sourceTree</key>
			<string>&lt;group&gt;</string>
		</dict>
		<key>B8EC77BC378CA0EEDE76D90E</key>
		<dict>
			<key>isa</key>
			<string>PBXFileReference</string>
			<key>lastKnownFileType</key>
			<string>wrapper.framework</string>
			<key>name</key>
			<string>SinchVerification.framework</string>
			<key>path</key>
			<string>../SinchVerification.framework</string>
			<key>sourceTree</key>
			<string>&lt;group&gt;</string>
		</dict>
		<key>BBE06E09693A7FE9685735DB</key>
		<dict>
			<key>children</key>
			<array>
				<string>BE188B3C993EDC9EC0C16493</string>
				<string>DFCFC18D20B6EA65A642CE6E</string>
				<string>660F3C091246EC16594CF918</string>
				<string>7943DE5AB05D7BA9D620026D</string>
				<string>860558E17CD8C4C46C1CD865</string>
				<string>7E744D920A2B40C758F642B1</string>
				<string>99D3BCA6C4D4C4221F5CCC1D</string>
			</array>
			<key>isa</key>
			<string>PBXGroup</string>
			<key>name</key>
			<string>Supporting Files</string>
			<key>sourceTree</key>
			<string>&lt;group&gt;</string>
		</dict>
		<key>BE188B3C993EDC9EC0C16493</key>
		<dict>
			<key>isa</key>
			<string>PBXFileReference</string>
			<key>lastKnownFileType</key>
			<string>sourcecode.swift</string>
			<key>name</key>
			<string>AppDelegate.swift</string>
			<key>path</key>
			<string>SinchCalloutVerification-Swift/AppDelegate.swift</string>
			<key>sourceTree</key>
			<string>&lt;group&gt;</string>
		</dict>
		<key>C63393BDE724785DC5129A30</key>
		<dict>
			<key>fileRef</key>
			<string>BE188B3C993EDC9EC0C16493</string>
			<key>isa</key>
			<string>PBXBuildFile</string>
		</dict>
		<key>C75275A37000B5F46E38D07C</key>
		<dict>
			<key>fileRef</key>
			<string>99D3BCA6C4D4C4221F5CCC1D</string>
			<key>isa</key>
			<string>PBXBuildFile</string>
		</dict>
		<key>C99BE0D9EE6E16FAEDC84E65</key>
		<dict>
			<key>fileRef</key>
			<string>660F3C091246EC16594CF918</string>
			<key>isa</key>
			<string>PBXBuildFile</string>
		</dict>
		<key>D57A49D6AF60E5FCA48C125A</key>
		<dict>
			<key>attributes</key>
			<dict>
				<key>BuildIndependentTargetsInParallel</key>
				<string>YES</string>
				<key>LastSwiftUpdateCheck</key>
				<string>0720</string>
				<key>LastTestingUpgradeCheck</key>
				<string>0720</string>
				<key>LastUpgradeCheck</key>
				<string>0720</string>
			</dict>
			<key>buildConfigurationList</key>
			<string>070F9DBD5DFC63C9296A42CD</string>
			<key>compatibilityVersion</key>
			<string>Xcode 3.2</string>
			<key>hasScannedForEncodings</key>
			<string>1</string>
			<key>isa</key>
			<string>PBXProject</string>
			<key>mainGroup</key>
			<string>EE0FF19AA17D8B462AA07589</string>
			<key>productRefGroup</key>
			<string>B79916FA50854C7788571112</string>
			<key>projectDirPath</key>
			<string></string>
			<key>projectReferences</key>
			<array/>
			<key>projectRoot</key>
			<string></string>
			<key>targets</key>
			<array>
				<string>36F29567B547AEFE9B8E26EE</string>
			</array>
		</dict>
		<key>DFCFC18D20B6EA65A642CE6E</key>
		<dict>
			<key>isa</key>
			<string>PBXFileReference</string>
			<key>lastKnownFileType</key>
			<string>sourcecode.swift</string>
			<key>name</key>
			<string>Helper.swift</string>
			<key>path</key>
			<string>SinchCalloutVerification-Swift/Helper.swift</string>
			<key>sourceTree</key>
			<string>&lt;group&gt;</string>
		</dict>
		<key>E27178F432F2DF123FFB15F6</key>
		<dict>
			<key>isa</key>
			<string>PBXFileReference</string>
			<key>lastKnownFileType</key>
			<string>wrapper.framework</string>
			<key>name</key>
			<string>SinchVerification.framework</string>
			<key>path</key>
			<string>../SinchVerification.framework</string>
			<key>sourceTree</key>
			<string>&lt;group&gt;</string>
		</dict>
		<key>EE0FF19AA17D8B462AA07589</key>
		<dict>
			<key>children</key>
			<array>
				<string>699BB7EB72241D5336D3187F</string>
				<string>B79916FA50854C7788571112</string>
				<string>2ACF1EC612650C8AB58DB1AB</string>
			</array>
			<key>isa</key>
			<string>PBXGroup</string>
			<key>sourceTree</key>
			<string>&lt;group&gt;</string>
		</dict>
		<key>FCAF5BAEB92C49839B1BDBCF</key>
		<dict>
			<key>buildActionMask</key>
			<string>2147483647</string>
			<key>dstPath</key>
			<string></string>
			<key>dstSubfolderSpec</key>
			<string>10</string>
			<key>files</key>
			<array>
				<string>31358D89A4B2C0E6B117A279</string>
			</array>
			<key>isa</key>
			<string>PBXCopyFilesBuildPhase</string>
			<key>name</key>
			<string>Copy to $(BUILT_FRAMEWORKS_DIR)</string>
			<key>runOnlyForDeploymentPostprocessing</key>
			<string>0</string>
		</dict>
		<key>FCD26DEE39A81A2C3C979D54</key>
		<dict>
			<key>buildSettings</key>
			<dict>
				<key>INTERMEDIATE_DIR</key>
				<string>$(PROJECT_DERIVED_FILE_DIR)/$(CONFIGURATION)</string>
				<key>ONLY_ACTIVE_ARCH</key>
				<string>YES</string>
				<key>SHARED_INTERMEDIATE_DIR</key>
				<string>$(SYMROOT)/DerivedSources/$(CONFIGURATION)</string>
			</dict>
			<key>isa</key>
			<string>XCBuildConfiguration</string>
			<key>name</key>
			<string>Debug</string>
		</dict>
		<key>FCF3FF9838BE87471C46E7A8</key>
		<dict>
			<key>buildActionMask</key>
			<string>2147483647</string>
			<key>files</key>
			<array>
				<string>545A598996C10A58104F21EC</string>
			</array>
			<key>isa</key>
			<string>PBXFrameworksBuildPhase</string>
			<key>runOnlyForDeploymentPostprocessing</key>
			<string>0</string>
		</dict>
	</dict>
	<key>rootObject</key>
	<string>D57A49D6AF60E5FCA48C125A</string>
</dict>
</plist>
